
Microsoft Visual Studio Solution File, Format Version 12.00
# Visual Studio 15
VisualStudioVersion = 15.0.26124.0
MinimumVisualStudioVersion = 15.0.26124.0
Project("{FAE04EC0-301F-11D3-BF4B-00C04F79EFBC}") = "SlimCache", "SlimCache\SlimCache.csproj", "{55CFC356-AA17-4AC9-B434-487C98D03A05}"
EndProject
Project("{FAE04EC0-301F-11D3-BF4B-00C04F79EFBC}") = "UnitTests", "UnitTests\UnitTests.csproj", "{0C898DA0-6CF6-4147-865C-C9F465AB1355}"
EndProject
Project("{FAE04EC0-301F-11D3-BF4B-00C04F79EFBC}") = "NirvanaShared", "NirvanaShared\NirvanaShared.csproj", "{3579B8A1-6B8D-4930-8C94-4EC6C6C1160D}"
EndProject
Global
	GlobalSection(SolutionConfigurationPlatforms) = preSolution
		Debug|Any CPU = Debug|Any CPU
		Release|Any CPU = Release|Any CPU
	EndGlobalSection
	GlobalSection(SolutionProperties) = preSolution
		HideSolutionNode = FALSE
	EndGlobalSection
	GlobalSection(ProjectConfigurationPlatforms) = postSolution
		{55CFC356-AA17-4AC9-B434-487C98D03A05}.Debug|Any CPU.ActiveCfg = Debug|Any CPU
		{55CFC356-AA17-4AC9-B434-487C98D03A05}.Debug|Any CPU.Build.0 = Debug|Any CPU
		{55CFC356-AA17-4AC9-B434-487C98D03A05}.Debug|x64.ActiveCfg = Debug|Any CPU
		{55CFC356-AA17-4AC9-B434-487C98D03A05}.Debug|x64.Build.0 = Debug|Any CPU
		{55CFC356-AA17-4AC9-B434-487C98D03A05}.Debug|x86.ActiveCfg = Debug|Any CPU
		{55CFC356-AA17-4AC9-B434-487C98D03A05}.Debug|x86.Build.0 = Debug|Any CPU
		{55CFC356-AA17-4AC9-B434-487C98D03A05}.Release|Any CPU.ActiveCfg = Release|Any CPU
		{55CFC356-AA17-4AC9-B434-487C98D03A05}.Release|Any CPU.Build.0 = Release|Any CPU
		{55CFC356-AA17-4AC9-B434-487C98D03A05}.Release|x64.ActiveCfg = Release|Any CPU
		{55CFC356-AA17-4AC9-B434-487C98D03A05}.Release|x64.Build.0 = Release|Any CPU
		{55CFC356-AA17-4AC9-B434-487C98D03A05}.Release|x86.ActiveCfg = Release|Any CPU
		{55CFC356-AA17-4AC9-B434-487C98D03A05}.Release|x86.Build.0 = Release|Any CPU
		{0C898DA0-6CF6-4147-865C-C9F465AB1355}.Debug|Any CPU.ActiveCfg = Debug|Any CPU
		{0C898DA0-6CF6-4147-865C-C9F465AB1355}.Debug|Any CPU.Build.0 = Debug|Any CPU
		{0C898DA0-6CF6-4147-865C-C9F465AB1355}.Debug|x64.ActiveCfg = Debug|Any CPU
		{0C898DA0-6CF6-4147-865C-C9F465AB1355}.Debug|x64.Build.0 = Debug|Any CPU
		{0C898DA0-6CF6-4147-865C-C9F465AB1355}.Debug|x86.ActiveCfg = Debug|Any CPU
		{0C898DA0-6CF6-4147-865C-C9F465AB1355}.Debug|x86.Build.0 = Debug|Any CPU
		{0C898DA0-6CF6-4147-865C-C9F465AB1355}.Release|Any CPU.ActiveCfg = Release|Any CPU
		{0C898DA0-6CF6-4147-865C-C9F465AB1355}.Release|Any CPU.Build.0 = Release|Any CPU
		{0C898DA0-6CF6-4147-865C-C9F465AB1355}.Release|x64.ActiveCfg = Release|Any CPU
		{0C898DA0-6CF6-4147-865C-C9F465AB1355}.Release|x64.Build.0 = Release|Any CPU
		{0C898DA0-6CF6-4147-865C-C9F465AB1355}.Release|x86.ActiveCfg = Release|Any CPU
		{0C898DA0-6CF6-4147-865C-C9F465AB1355}.Release|x86.Build.0 = Release|Any CPU
		{3579B8A1-6B8D-4930-8C94-4EC6C6C1160D}.Debug|Any CPU.ActiveCfg = Debug|Any CPU
		{3579B8A1-6B8D-4930-8C94-4EC6C6C1160D}.Debug|Any CPU.Build.0 = Debug|Any CPU
		{3579B8A1-6B8D-4930-8C94-4EC6C6C1160D}.Debug|x64.ActiveCfg = Debug|Any CPU
		{3579B8A1-6B8D-4930-8C94-4EC6C6C1160D}.Debug|x64.Build.0 = Debug|Any CPU
		{3579B8A1-6B8D-4930-8C94-4EC6C6C1160D}.Debug|x86.ActiveCfg = Debug|Any CPU
		{3579B8A1-6B8D-4930-8C94-4EC6C6C1160D}.Debug|x86.Build.0 = Debug|Any CPU
		{3579B8A1-6B8D-4930-8C94-4EC6C6C1160D}.Release|Any CPU.ActiveCfg = Release|Any CPU
		{3579B8A1-6B8D-4930-8C94-4EC6C6C1160D}.Release|Any CPU.Build.0 = Release|Any CPU
		{3579B8A1-6B8D-4930-8C94-4EC6C6C1160D}.Release|x64.ActiveCfg = Release|Any CPU
		{3579B8A1-6B8D-4930-8C94-4EC6C6C1160D}.Release|x64.Build.0 = Release|Any CPU
		{3579B8A1-6B8D-4930-8C94-4EC6C6C1160D}.Release|x86.ActiveCfg = Release|Any CPU
		{3579B8A1-6B8D-4930-8C94-4EC6C6C1160D}.Release|x86.Build.0 = Release|Any CPU
	EndGlobalSection
EndGlobal
